
Microsoft Visual Studio Solution File, Format Version 12.00
# Visual Studio Version 16
VisualStudioVersion = 16.0.30114.105
MinimumVisualStudioVersion = 10.0.40219.1
Project("{2150E333-8FDC-42A3-9474-1A3956D46DE8}") = "src", "src", "{0819A3B4-E6CE-4B1F-B5E6-AEB212C6E484}"
EndProject
Project("{FAE04EC0-301F-11D3-BF4B-00C04F79EFBC}") = "GestioneSagre.Infrastructure", "src\GestioneSagre.Infrastructure\GestioneSagre.Infrastructure.csproj", "{8062B7CC-6054-43FD-ABF7-2A6E84EB34CC}"
EndProject
Global
	GlobalSection(SolutionConfigurationPlatforms) = preSolution
		Debug|Any CPU = Debug|Any CPU
		Release|Any CPU = Release|Any CPU
	EndGlobalSection
	GlobalSection(SolutionProperties) = preSolution
		HideSolutionNode = FALSE
	EndGlobalSection
	GlobalSection(ProjectConfigurationPlatforms) = postSolution
		{8062B7CC-6054-43FD-ABF7-2A6E84EB34CC}.Debug|Any CPU.ActiveCfg = Debug|Any CPU
		{8062B7CC-6054-43FD-ABF7-2A6E84EB34CC}.Debug|Any CPU.Build.0 = Debug|Any CPU
		{8062B7CC-6054-43FD-ABF7-2A6E84EB34CC}.Release|Any CPU.ActiveCfg = Release|Any CPU
		{8062B7CC-6054-43FD-ABF7-2A6E84EB34CC}.Release|Any CPU.Build.0 = Release|Any CPU
	EndGlobalSection
	GlobalSection(NestedProjects) = preSolution
		{8062B7CC-6054-43FD-ABF7-2A6E84EB34CC} = {0819A3B4-E6CE-4B1F-B5E6-AEB212C6E484}
	EndGlobalSection
EndGlobal
